
Microsoft Visual Studio Solution File, Format Version 12.00
# Visual Studio 15
VisualStudioVersion = 15.0.27703.2047
MinimumVisualStudioVersion = 10.0.40219.1
Project("{FAE04EC0-301F-11D3-BF4B-00C04F79EFBC}") = "SerwerNetCore", "SerwerNetCore\SerwerNetCore.csproj", "{010B6AD8-0B3F-4FE1-A72F-172A1607403C}"
EndProject
Global
	GlobalSection(SolutionConfigurationPlatforms) = preSolution
		Debug|Any CPU = Debug|Any CPU
		Release|Any CPU = Release|Any CPU
	EndGlobalSection
	GlobalSection(ProjectConfigurationPlatforms) = postSolution
		{010B6AD8-0B3F-4FE1-A72F-172A1607403C}.Debug|Any CPU.ActiveCfg = Debug|Any CPU
		{010B6AD8-0B3F-4FE1-A72F-172A1607403C}.Debug|Any CPU.Build.0 = Debug|Any CPU
		{010B6AD8-0B3F-4FE1-A72F-172A1607403C}.Release|Any CPU.ActiveCfg = Release|Any CPU
		{010B6AD8-0B3F-4FE1-A72F-172A1607403C}.Release|Any CPU.Build.0 = Release|Any CPU
	EndGlobalSection
	GlobalSection(SolutionProperties) = preSolution
		HideSolutionNode = FALSE
	EndGlobalSection
	GlobalSection(ExtensibilityGlobals) = postSolution
		SolutionGuid = {0BAEDE12-0471-43CC-B6D3-9351E111F164}
	EndGlobalSection
EndGlobal
